
Microsoft Visual Studio Solution File, Format Version 12.00
# Visual Studio Version 17
VisualStudioVersion = 17.4.33110.190
MinimumVisualStudioVersion = 10.0.40219.1
Project("{9A19103F-16F7-4668-BE54-9A1E7A4F7556}") = "DirectProblem", "DirectProblem\DirectProblem.csproj", "{734F6D2D-972F-4383-8C44-B7070031CC9A}"
EndProject
Project("{FAE04EC0-301F-11D3-BF4B-00C04F79EFBC}") = "InverseProblem", "InverseProblem\InverseProblem.csproj", "{034B74E1-493A-451C-888D-2AEFEB8698FD}"
EndProject
Global
	GlobalSection(SolutionConfigurationPlatforms) = preSolution
		Debug|Any CPU = Debug|Any CPU
		Release|Any CPU = Release|Any CPU
	EndGlobalSection
	GlobalSection(ProjectConfigurationPlatforms) = postSolution
		{734F6D2D-972F-4383-8C44-B7070031CC9A}.Debug|Any CPU.ActiveCfg = Debug|Any CPU
		{734F6D2D-972F-4383-8C44-B7070031CC9A}.Debug|Any CPU.Build.0 = Debug|Any CPU
		{734F6D2D-972F-4383-8C44-B7070031CC9A}.Release|Any CPU.ActiveCfg = Release|Any CPU
		{734F6D2D-972F-4383-8C44-B7070031CC9A}.Release|Any CPU.Build.0 = Release|Any CPU
		{034B74E1-493A-451C-888D-2AEFEB8698FD}.Debug|Any CPU.ActiveCfg = Debug|Any CPU
		{034B74E1-493A-451C-888D-2AEFEB8698FD}.Debug|Any CPU.Build.0 = Debug|Any CPU
		{034B74E1-493A-451C-888D-2AEFEB8698FD}.Release|Any CPU.ActiveCfg = Release|Any CPU
		{034B74E1-493A-451C-888D-2AEFEB8698FD}.Release|Any CPU.Build.0 = Release|Any CPU
	EndGlobalSection
	GlobalSection(SolutionProperties) = preSolution
		HideSolutionNode = FALSE
	EndGlobalSection
	GlobalSection(ExtensibilityGlobals) = postSolution
		SolutionGuid = {B708685E-E25E-493F-B535-E6D84002CBE3}
	EndGlobalSection
EndGlobal
